
Microsoft Visual Studio Solution File, Format Version 12.00
# Visual Studio Version 17
VisualStudioVersion = 17.13.35931.197 d17.13
MinimumVisualStudioVersion = 10.0.40219.1
Project("{FAE04EC0-301F-11D3-BF4B-00C04F79EFBC}") = "Navigate String Library Using Reflection Example", "Navigate String Library Using Reflection Example.csproj", "{FBE16A8B-E6CC-40D5-997E-7AF539773676}"
EndProject
Global
	GlobalSection(SolutionConfigurationPlatforms) = preSolution
		Debug|Any CPU = Debug|Any CPU
		Release|Any CPU = Release|Any CPU
	EndGlobalSection
	GlobalSection(ProjectConfigurationPlatforms) = postSolution
		{FBE16A8B-E6CC-40D5-997E-7AF539773676}.Debug|Any CPU.ActiveCfg = Debug|Any CPU
		{FBE16A8B-E6CC-40D5-997E-7AF539773676}.Debug|Any CPU.Build.0 = Debug|Any CPU
		{FBE16A8B-E6CC-40D5-997E-7AF539773676}.Release|Any CPU.ActiveCfg = Release|Any CPU
		{FBE16A8B-E6CC-40D5-997E-7AF539773676}.Release|Any CPU.Build.0 = Release|Any CPU
	EndGlobalSection
	GlobalSection(SolutionProperties) = preSolution
		HideSolutionNode = FALSE
	EndGlobalSection
	GlobalSection(ExtensibilityGlobals) = postSolution
		SolutionGuid = {D3C56268-5D85-4A99-877E-BDDC2142CB83}
	EndGlobalSection
EndGlobal
