
Microsoft Visual Studio Solution File, Format Version 12.00
# Visual Studio Version 17
VisualStudioVersion = 17.13.35931.197 d17.13
MinimumVisualStudioVersion = 10.0.40219.1
Project("{FAE04EC0-301F-11D3-BF4B-00C04F79EFBC}") = "event test4", "event test4.csproj", "{44D65290-6C00-4CB9-961C-2F47BE40F305}"
EndProject
Global
	GlobalSection(SolutionConfigurationPlatforms) = preSolution
		Debug|Any CPU = Debug|Any CPU
		Release|Any CPU = Release|Any CPU
	EndGlobalSection
	GlobalSection(ProjectConfigurationPlatforms) = postSolution
		{44D65290-6C00-4CB9-961C-2F47BE40F305}.Debug|Any CPU.ActiveCfg = Debug|Any CPU
		{44D65290-6C00-4CB9-961C-2F47BE40F305}.Debug|Any CPU.Build.0 = Debug|Any CPU
		{44D65290-6C00-4CB9-961C-2F47BE40F305}.Release|Any CPU.ActiveCfg = Release|Any CPU
		{44D65290-6C00-4CB9-961C-2F47BE40F305}.Release|Any CPU.Build.0 = Release|Any CPU
	EndGlobalSection
	GlobalSection(SolutionProperties) = preSolution
		HideSolutionNode = FALSE
	EndGlobalSection
	GlobalSection(ExtensibilityGlobals) = postSolution
		SolutionGuid = {7B5DBCF3-90BC-4CA9-85AE-741D6482786E}
	EndGlobalSection
EndGlobal
