
Microsoft Visual Studio Solution File, Format Version 12.00
# Visual Studio Version 17
VisualStudioVersion = 17.13.35931.197 d17.13
MinimumVisualStudioVersion = 10.0.40219.1
Project("{FAE04EC0-301F-11D3-BF4B-00C04F79EFBC}") = "Event test2", "Event test2.csproj", "{5BEB8D01-FEE4-4D09-A583-7278CB4C3F83}"
EndProject
Global
	GlobalSection(SolutionConfigurationPlatforms) = preSolution
		Debug|Any CPU = Debug|Any CPU
		Release|Any CPU = Release|Any CPU
	EndGlobalSection
	GlobalSection(ProjectConfigurationPlatforms) = postSolution
		{5BEB8D01-FEE4-4D09-A583-7278CB4C3F83}.Debug|Any CPU.ActiveCfg = Debug|Any CPU
		{5BEB8D01-FEE4-4D09-A583-7278CB4C3F83}.Debug|Any CPU.Build.0 = Debug|Any CPU
		{5BEB8D01-FEE4-4D09-A583-7278CB4C3F83}.Release|Any CPU.ActiveCfg = Release|Any CPU
		{5BEB8D01-FEE4-4D09-A583-7278CB4C3F83}.Release|Any CPU.Build.0 = Release|Any CPU
	EndGlobalSection
	GlobalSection(SolutionProperties) = preSolution
		HideSolutionNode = FALSE
	EndGlobalSection
	GlobalSection(ExtensibilityGlobals) = postSolution
		SolutionGuid = {48C592F4-958C-4109-B231-DF26AE5A23A3}
	EndGlobalSection
EndGlobal
